
Microsoft Visual Studio Solution File, Format Version 12.00
# Visual Studio 15
VisualStudioVersion = 15.0.26403.7
MinimumVisualStudioVersion = 10.0.40219.1
Project("{FAE04EC0-301F-11D3-BF4B-00C04F79EFBC}") = "Ejyle.DevAccelerate.Identity", "Identity\src\Ejyle.DevAccelerate.Identity.csproj", "{ED52C20C-85DB-4E63-B28D-1F67CC7F8FA8}"
EndProject
Project("{FAE04EC0-301F-11D3-BF4B-00C04F79EFBC}") = "Ejyle.DevAccelerate.Identity.EF", "IdentityEF\src\Ejyle.DevAccelerate.Identity.EF.csproj", "{E7BFBF6A-DC45-4388-BAE8-DC775F3F849F}"
EndProject
Global
	GlobalSection(SolutionConfigurationPlatforms) = preSolution
		Debug|Any CPU = Debug|Any CPU
		Release|Any CPU = Release|Any CPU
	EndGlobalSection
	GlobalSection(ProjectConfigurationPlatforms) = postSolution
		{ED52C20C-85DB-4E63-B28D-1F67CC7F8FA8}.Debug|Any CPU.ActiveCfg = Debug|Any CPU
		{ED52C20C-85DB-4E63-B28D-1F67CC7F8FA8}.Debug|Any CPU.Build.0 = Debug|Any CPU
		{ED52C20C-85DB-4E63-B28D-1F67CC7F8FA8}.Release|Any CPU.ActiveCfg = Release|Any CPU
		{ED52C20C-85DB-4E63-B28D-1F67CC7F8FA8}.Release|Any CPU.Build.0 = Release|Any CPU
		{E7BFBF6A-DC45-4388-BAE8-DC775F3F849F}.Debug|Any CPU.ActiveCfg = Debug|Any CPU
		{E7BFBF6A-DC45-4388-BAE8-DC775F3F849F}.Debug|Any CPU.Build.0 = Debug|Any CPU
		{E7BFBF6A-DC45-4388-BAE8-DC775F3F849F}.Release|Any CPU.ActiveCfg = Release|Any CPU
		{E7BFBF6A-DC45-4388-BAE8-DC775F3F849F}.Release|Any CPU.Build.0 = Release|Any CPU
	EndGlobalSection
	GlobalSection(SolutionProperties) = preSolution
		HideSolutionNode = FALSE
	EndGlobalSection
	GlobalSection(ExtensibilityGlobals) = postSolution
		SolutionGuid = {831BB8D2-2AA2-4B38-BD2F-1C679795682C}
	EndGlobalSection
EndGlobal
