
Microsoft Visual Studio Solution File, Format Version 12.00
# Visual Studio 15
VisualStudioVersion = 15.0.28307.572
MinimumVisualStudioVersion = 10.0.40219.1
Project("{FAE04EC0-301F-11D3-BF4B-00C04F79EFBC}") = "Ejyle.DevAccelerate.Mail", "Mail\src\Ejyle.DevAccelerate.Mail.csproj", "{358B5E79-959D-4E5A-92A9-1F6CB7BF67BF}"
EndProject
Project("{FAE04EC0-301F-11D3-BF4B-00C04F79EFBC}") = "Ejyle.DevAccelerate.Mail.SendGrid", "MailSendGrid\src\Ejyle.DevAccelerate.Mail.SendGrid.csproj", "{7F59134F-949C-455B-89C4-E3A1AC9B5BE1}"
EndProject
Global
	GlobalSection(SolutionConfigurationPlatforms) = preSolution
		Debug|Any CPU = Debug|Any CPU
		Release|Any CPU = Release|Any CPU
	EndGlobalSection
	GlobalSection(ProjectConfigurationPlatforms) = postSolution
		{358B5E79-959D-4E5A-92A9-1F6CB7BF67BF}.Debug|Any CPU.ActiveCfg = Debug|Any CPU
		{358B5E79-959D-4E5A-92A9-1F6CB7BF67BF}.Debug|Any CPU.Build.0 = Debug|Any CPU
		{358B5E79-959D-4E5A-92A9-1F6CB7BF67BF}.Release|Any CPU.ActiveCfg = Release|Any CPU
		{358B5E79-959D-4E5A-92A9-1F6CB7BF67BF}.Release|Any CPU.Build.0 = Release|Any CPU
		{7F59134F-949C-455B-89C4-E3A1AC9B5BE1}.Debug|Any CPU.ActiveCfg = Debug|Any CPU
		{7F59134F-949C-455B-89C4-E3A1AC9B5BE1}.Debug|Any CPU.Build.0 = Debug|Any CPU
		{7F59134F-949C-455B-89C4-E3A1AC9B5BE1}.Release|Any CPU.ActiveCfg = Release|Any CPU
		{7F59134F-949C-455B-89C4-E3A1AC9B5BE1}.Release|Any CPU.Build.0 = Release|Any CPU
	EndGlobalSection
	GlobalSection(SolutionProperties) = preSolution
		HideSolutionNode = FALSE
	EndGlobalSection
	GlobalSection(ExtensibilityGlobals) = postSolution
		SolutionGuid = {4230B6FC-17FC-4801-B4E3-B0D75F6F965A}
		EnterpriseLibraryConfigurationToolBinariesPathV6 = packages\EnterpriseLibrary.Logging.6.0.1304.0\lib\NET45
	EndGlobalSection
EndGlobal
