
Microsoft Visual Studio Solution File, Format Version 12.00
# Visual Studio 15
VisualStudioVersion = 15.0.28307.572
MinimumVisualStudioVersion = 10.0.40219.1
Project("{FAE04EC0-301F-11D3-BF4B-00C04F79EFBC}") = "Ejyle.DevAccelerate.Facades.Security", "SecurityFacade\src\Ejyle.DevAccelerate.Facades.Security.csproj", "{DAE4E50E-B0CD-4827-BC6F-A69E82AA407D}"
EndProject
Global
	GlobalSection(SolutionConfigurationPlatforms) = preSolution
		Debug|Any CPU = Debug|Any CPU
		Release|Any CPU = Release|Any CPU
	EndGlobalSection
	GlobalSection(ProjectConfigurationPlatforms) = postSolution
		{DAE4E50E-B0CD-4827-BC6F-A69E82AA407D}.Debug|Any CPU.ActiveCfg = Debug|Any CPU
		{DAE4E50E-B0CD-4827-BC6F-A69E82AA407D}.Debug|Any CPU.Build.0 = Debug|Any CPU
		{DAE4E50E-B0CD-4827-BC6F-A69E82AA407D}.Release|Any CPU.ActiveCfg = Release|Any CPU
		{DAE4E50E-B0CD-4827-BC6F-A69E82AA407D}.Release|Any CPU.Build.0 = Release|Any CPU
	EndGlobalSection
	GlobalSection(SolutionProperties) = preSolution
		HideSolutionNode = FALSE
	EndGlobalSection
	GlobalSection(ExtensibilityGlobals) = postSolution
		SolutionGuid = {4230B6FC-17FC-4801-B4E3-B0D75F6F965A}
		EnterpriseLibraryConfigurationToolBinariesPathV6 = packages\EnterpriseLibrary.Logging.6.0.1304.0\lib\NET45
	EndGlobalSection
EndGlobal
