
Microsoft Visual Studio Solution File, Format Version 12.00
# Visual Studio 15
VisualStudioVersion = 15.0.28307.572
MinimumVisualStudioVersion = 10.0.40219.1
Project("{FAE04EC0-301F-11D3-BF4B-00C04F79EFBC}") = "Ejyle.DevAccelerate.Core", "Core\src\Ejyle.DevAccelerate.Core.csproj", "{13E4F97B-8770-45BE-816E-60DA5B6ACD62}"
EndProject
Global
	GlobalSection(SolutionConfigurationPlatforms) = preSolution
		Debug|Any CPU = Debug|Any CPU
		Release|Any CPU = Release|Any CPU
	EndGlobalSection
	GlobalSection(ProjectConfigurationPlatforms) = postSolution
		{13E4F97B-8770-45BE-816E-60DA5B6ACD62}.Debug|Any CPU.ActiveCfg = Debug|Any CPU
		{13E4F97B-8770-45BE-816E-60DA5B6ACD62}.Debug|Any CPU.Build.0 = Debug|Any CPU
		{13E4F97B-8770-45BE-816E-60DA5B6ACD62}.Release|Any CPU.ActiveCfg = Release|Any CPU
		{13E4F97B-8770-45BE-816E-60DA5B6ACD62}.Release|Any CPU.Build.0 = Release|Any CPU
	EndGlobalSection
	GlobalSection(SolutionProperties) = preSolution
		HideSolutionNode = FALSE
	EndGlobalSection
	GlobalSection(ExtensibilityGlobals) = postSolution
		SolutionGuid = {4230B6FC-17FC-4801-B4E3-B0D75F6F965A}
	EndGlobalSection
EndGlobal
