
Microsoft Visual Studio Solution File, Format Version 12.00
# Visual Studio 15
VisualStudioVersion = 15.0.28307.572
MinimumVisualStudioVersion = 10.0.40219.1
Project("{FAE04EC0-301F-11D3-BF4B-00C04F79EFBC}") = "Ejyle.DevAccelerate.Core", "Core\src\Ejyle.DevAccelerate.Core.csproj", "{320BF7CC-B2BB-40DE-AFA1-62197C369ADB}"
EndProject
Project("{FAE04EC0-301F-11D3-BF4B-00C04F79EFBC}") = "Ejyle.DevAccelerate.Core.EF", "CoreEF\src\Ejyle.DevAccelerate.Core.EF.csproj", "{591C53E7-7753-422B-A687-4CF116D7F11A}"
EndProject
Project("{FAE04EC0-301F-11D3-BF4B-00C04F79EFBC}") = "Ejyle.DevAccelerate.Core.Logging.Msel", "CoreLoggingMsel\src\Ejyle.DevAccelerate.Core.Logging.Msel.csproj", "{0EA1F79C-1822-4B92-8597-E08D2CC47B4C}"
EndProject
Project("{FAE04EC0-301F-11D3-BF4B-00C04F79EFBC}") = "Ejyle.DevAccelerate.Core.ExceptionHandling.Msel", "CoreExceptionHandlingMsel\src\Ejyle.DevAccelerate.Core.ExceptionHandling.Msel.csproj", "{EEC0581D-4213-47CE-952A-A300531D5C4E}"
EndProject
Global
	GlobalSection(SolutionConfigurationPlatforms) = preSolution
		Debug|Any CPU = Debug|Any CPU
		Release|Any CPU = Release|Any CPU
	EndGlobalSection
	GlobalSection(ProjectConfigurationPlatforms) = postSolution
		{320BF7CC-B2BB-40DE-AFA1-62197C369ADB}.Debug|Any CPU.ActiveCfg = Debug|Any CPU
		{320BF7CC-B2BB-40DE-AFA1-62197C369ADB}.Debug|Any CPU.Build.0 = Debug|Any CPU
		{320BF7CC-B2BB-40DE-AFA1-62197C369ADB}.Release|Any CPU.ActiveCfg = Release|Any CPU
		{320BF7CC-B2BB-40DE-AFA1-62197C369ADB}.Release|Any CPU.Build.0 = Release|Any CPU
		{591C53E7-7753-422B-A687-4CF116D7F11A}.Debug|Any CPU.ActiveCfg = Debug|Any CPU
		{591C53E7-7753-422B-A687-4CF116D7F11A}.Debug|Any CPU.Build.0 = Debug|Any CPU
		{591C53E7-7753-422B-A687-4CF116D7F11A}.Release|Any CPU.ActiveCfg = Release|Any CPU
		{591C53E7-7753-422B-A687-4CF116D7F11A}.Release|Any CPU.Build.0 = Release|Any CPU
		{0EA1F79C-1822-4B92-8597-E08D2CC47B4C}.Debug|Any CPU.ActiveCfg = Debug|Any CPU
		{0EA1F79C-1822-4B92-8597-E08D2CC47B4C}.Debug|Any CPU.Build.0 = Debug|Any CPU
		{0EA1F79C-1822-4B92-8597-E08D2CC47B4C}.Release|Any CPU.ActiveCfg = Release|Any CPU
		{0EA1F79C-1822-4B92-8597-E08D2CC47B4C}.Release|Any CPU.Build.0 = Release|Any CPU
		{EEC0581D-4213-47CE-952A-A300531D5C4E}.Debug|Any CPU.ActiveCfg = Debug|Any CPU
		{EEC0581D-4213-47CE-952A-A300531D5C4E}.Debug|Any CPU.Build.0 = Debug|Any CPU
		{EEC0581D-4213-47CE-952A-A300531D5C4E}.Release|Any CPU.ActiveCfg = Release|Any CPU
		{EEC0581D-4213-47CE-952A-A300531D5C4E}.Release|Any CPU.Build.0 = Release|Any CPU
	EndGlobalSection
	GlobalSection(SolutionProperties) = preSolution
		HideSolutionNode = FALSE
	EndGlobalSection
	GlobalSection(ExtensibilityGlobals) = postSolution
		EnterpriseLibraryConfigurationToolBinariesPathV6 = packages\EnterpriseLibrary.Logging.6.0.1304.0\lib\NET45
		SolutionGuid = {4230B6FC-17FC-4801-B4E3-B0D75F6F965A}
	EndGlobalSection
EndGlobal
